// !$*UTF8*$!
{
	archiveVersion = 1;
	classes = {
	};
	objectVersion = 55;
	objects = {

/* Begin PBXBuildFile section */
		28D9680729AFCF4700261C7D /* WeatherManager.swift in Sources */ = {isa = PBXBuildFile; fileRef = 28D9680629AFCF4700261C7D /* WeatherManager.swift */; };
		28D9680929B35CBA00261C7D /* WeatherData.swift in Sources */ = {isa = PBXBuildFile; fileRef = 28D9680829B35CBA00261C7D /* WeatherData.swift */; };
		28D9680B29B3728100261C7D /* WeatherModel.swift in Sources */ = {isa = PBXBuildFile; fileRef = 28D9680A29B3728100261C7D /* WeatherModel.swift */; };
		28DE188929A2591700F84E35 /* AppDelegate.swift in Sources */ = {isa = PBXBuildFile; fileRef = 28DE188829A2591700F84E35 /* AppDelegate.swift */; };
		28DE188B29A2591700F84E35 /* SceneDelegate.swift in Sources */ = {isa = PBXBuildFile; fileRef = 28DE188A29A2591700F84E35 /* SceneDelegate.swift */; };
		28DE188D29A2591700F84E35 /* ViewController.swift in Sources */ = {isa = PBXBuildFile; fileRef = 28DE188C29A2591700F84E35 /* ViewController.swift */; };
		28DE189029A2591700F84E35 /* Main.storyboard in Resources */ = {isa = PBXBuildFile; fileRef = 28DE188E29A2591700F84E35 /* Main.storyboard */; };
		28DE189229A2591E00F84E35 /* Assets.xcassets in Resources */ = {isa = PBXBuildFile; fileRef = 28DE189129A2591E00F84E35 /* Assets.xcassets */; };
		28DE189529A2591E00F84E35 /* LaunchScreen.storyboard in Resources */ = {isa = PBXBuildFile; fileRef = 28DE189329A2591E00F84E35 /* LaunchScreen.storyboard */; };
/* End PBXBuildFile section */

/* Begin PBXFileReference section */
		28D9680629AFCF4700261C7D /* WeatherManager.swift */ = {isa = PBXFileReference; lastKnownFileType = sourcecode.swift; path = WeatherManager.swift; sourceTree = "<group>"; };
		28D9680829B35CBA00261C7D /* WeatherData.swift */ = {isa = PBXFileReference; lastKnownFileType = sourcecode.swift; path = WeatherData.swift; sourceTree = "<group>"; };
		28D9680A29B3728100261C7D /* WeatherModel.swift */ = {isa = PBXFileReference; lastKnownFileType = sourcecode.swift; path = WeatherModel.swift; sourceTree = "<group>"; };
		28DE188529A2591700F84E35 /* WeatherForecastBySvist.app */ = {isa = PBXFileReference; explicitFileType = wrapper.application; includeInIndex = 0; path = WeatherForecastBySvist.app; sourceTree = BUILT_PRODUCTS_DIR; };
		28DE188829A2591700F84E35 /* AppDelegate.swift */ = {isa = PBXFileReference; lastKnownFileType = sourcecode.swift; path = AppDelegate.swift; sourceTree = "<group>"; };
		28DE188A29A2591700F84E35 /* SceneDelegate.swift */ = {isa = PBXFileReference; lastKnownFileType = sourcecode.swift; path = SceneDelegate.swift; sourceTree = "<group>"; };
		28DE188C29A2591700F84E35 /* ViewController.swift */ = {isa = PBXFileReference; lastKnownFileType = sourcecode.swift; path = ViewController.swift; sourceTree = "<group>"; };
		28DE188F29A2591700F84E35 /* Base */ = {isa = PBXFileReference; lastKnownFileType = file.storyboard; name = Base; path = Base.lproj/Main.storyboard; sourceTree = "<group>"; };
		28DE189129A2591E00F84E35 /* Assets.xcassets */ = {isa = PBXFileReference; lastKnownFileType = folder.assetcatalog; path = Assets.xcassets; sourceTree = "<group>"; };
		28DE189429A2591E00F84E35 /* Base */ = {isa = PBXFileReference; lastKnownFileType = file.storyboard; name = Base; path = Base.lproj/LaunchScreen.storyboard; sourceTree = "<group>"; };
		28DE189629A2591E00F84E35 /* Info.plist */ = {isa = PBXFileReference; lastKnownFileType = text.plist.xml; path = Info.plist; sourceTree = "<group>"; };
/* End PBXFileReference section */

/* Begin PBXFrameworksBuildPhase section */
		28DE188229A2591700F84E35 /* Frameworks */ = {
			isa = PBXFrameworksBuildPhase;
			buildActionMask = 2147483647;
			files = (
			);
			runOnlyForDeploymentPostprocessing = 0;
		};
/* End PBXFrameworksBuildPhase section */

/* Begin PBXGroup section */
		28D9680229AFCEBE00261C7D /* Controller */ = {
			isa = PBXGroup;
			children = (
				28DE188C29A2591700F84E35 /* ViewController.swift */,
			);
			path = Controller;
			sourceTree = "<group>";
		};
		28D9680329AFCEE000261C7D /* Model */ = {
			isa = PBXGroup;
			children = (
				28D9680629AFCF4700261C7D /* WeatherManager.swift */,
				28D9680829B35CBA00261C7D /* WeatherData.swift */,
				28D9680A29B3728100261C7D /* WeatherModel.swift */,
			);
			path = Model;
			sourceTree = "<group>";
		};
		28D9680529AFCEF800261C7D /* View */ = {
			isa = PBXGroup;
			children = (
				28DE188E29A2591700F84E35 /* Main.storyboard */,
			);
			path = View;
			sourceTree = "<group>";
		};
		28DE187C29A2591700F84E35 = {
			isa = PBXGroup;
			children = (
				28DE188729A2591700F84E35 /* WeatherForecastBySvist */,
				28DE188629A2591700F84E35 /* Products */,
			);
			sourceTree = "<group>";
		};
		28DE188629A2591700F84E35 /* Products */ = {
			isa = PBXGroup;
			children = (
				28DE188529A2591700F84E35 /* WeatherForecastBySvist.app */,
			);
			name = Products;
			sourceTree = "<group>";
		};
		28DE188729A2591700F84E35 /* WeatherForecastBySvist */ = {
			isa = PBXGroup;
			children = (
				28DE188829A2591700F84E35 /* AppDelegate.swift */,
				28DE188A29A2591700F84E35 /* SceneDelegate.swift */,
				28D9680329AFCEE000261C7D /* Model */,
				28D9680529AFCEF800261C7D /* View */,
				28D9680229AFCEBE00261C7D /* Controller */,
				28DE189129A2591E00F84E35 /* Assets.xcassets */,
				28DE189329A2591E00F84E35 /* LaunchScreen.storyboard */,
				28DE189629A2591E00F84E35 /* Info.plist */,
			);
			path = WeatherForecastBySvist;
			sourceTree = "<group>";
		};
/* End PBXGroup section */

/* Begin PBXNativeTarget section */
		28DE188429A2591700F84E35 /* WeatherForecastBySvist */ = {
			isa = PBXNativeTarget;
			buildConfigurationList = 28DE189929A2591E00F84E35 /* Build configuration list for PBXNativeTarget "WeatherForecastBySvist" */;
			buildPhases = (
				28DE188129A2591700F84E35 /* Sources */,
				28DE188229A2591700F84E35 /* Frameworks */,
				28DE188329A2591700F84E35 /* Resources */,
			);
			buildRules = (
			);
			dependencies = (
			);
			name = WeatherForecastBySvist;
			productName = WeatherForecastBySvist;
			productReference = 28DE188529A2591700F84E35 /* WeatherForecastBySvist.app */;
			productType = "com.apple.product-type.application";
		};
/* End PBXNativeTarget section */

/* Begin PBXProject section */
		28DE187D29A2591700F84E35 /* Project object */ = {
			isa = PBXProject;
			attributes = {
				BuildIndependentTargetsInParallel = 1;
				LastSwiftUpdateCheck = 1330;
				LastUpgradeCheck = 1330;
				TargetAttributes = {
					28DE188429A2591700F84E35 = {
						CreatedOnToolsVersion = 13.3;
					};
				};
			};
			buildConfigurationList = 28DE188029A2591700F84E35 /* Build configuration list for PBXProject "WeatherForecastBySvist" */;
			compatibilityVersion = "Xcode 13.0";
			developmentRegion = en;
			hasScannedForEncodings = 0;
			knownRegions = (
				en,
				Base,
			);
			mainGroup = 28DE187C29A2591700F84E35;
			productRefGroup = 28DE188629A2591700F84E35 /* Products */;
			projectDirPath = "";
			projectRoot = "";
			targets = (
				28DE188429A2591700F84E35 /* WeatherForecastBySvist */,
			);
		};
/* End PBXProject section */

/* Begin PBXResourcesBuildPhase section */
		28DE188329A2591700F84E35 /* Resources */ = {
			isa = PBXResourcesBuildPhase;
			buildActionMask = 2147483647;
			files = (
				28DE189529A2591E00F84E35 /* LaunchScreen.storyboard in Resources */,
				28DE189229A2591E00F84E35 /* Assets.xcassets in Resources */,
				28DE189029A2591700F84E35 /* Main.storyboard in Resources */,
			);
			runOnlyForDeploymentPostprocessing = 0;
		};
/* End PBXResourcesBuildPhase section */

/* Begin PBXSourcesBuildPhase section */
		28DE188129A2591700F84E35 /* Sources */ = {
			isa = PBXSourcesBuildPhase;
			buildActionMask = 2147483647;
			files = (
				28DE188D29A2591700F84E35 /* ViewController.swift in Sources */,
				28D9680929B35CBA00261C7D /* WeatherData.swift in Sources */,
				28DE188929A2591700F84E35 /* AppDelegate.swift in Sources */,
				28D9680729AFCF4700261C7D /* WeatherManager.swift in Sources */,
				28D9680B29B3728100261C7D /* WeatherModel.swift in Sources */,
				28DE188B29A2591700F84E35 /* SceneDelegate.swift in Sources */,
			);
			runOnlyForDeploymentPostprocessing = 0;
		};
/* End PBXSourcesBuildPhase section */

/* Begin PBXVariantGroup section */
		28DE188E29A2591700F84E35 /* Main.storyboard */ = {
			isa = PBXVariantGroup;
			children = (
				28DE188F29A2591700F84E35 /* Base */,
			);
			name = Main.storyboard;
			sourceTree = "<group>";
		};
		28DE189329A2591E00F84E35 /* LaunchScreen.storyboard */ = {
			isa = PBXVariantGroup;
			children = (
				28DE189429A2591E00F84E35 /* Base */,
			);
			name = LaunchScreen.storyboard;
			sourceTree = "<group>";
		};
/* End PBXVariantGroup section */

/* Begin XCBuildConfiguration section */
		28DE189729A2591E00F84E35 /* Debug */ = {
			isa = XCBuildConfiguration;
			buildSettings = {
				ALWAYS_SEARCH_USER_PATHS = NO;
				CLANG_ANALYZER_NONNULL = YES;
				CLANG_ANALYZER_NUMBER_OBJECT_CONVERSION = YES_AGGRESSIVE;
				CLANG_CXX_LANGUAGE_STANDARD = "gnu++17";
				CLANG_ENABLE_MODULES = YES;
				CLANG_ENABLE_OBJC_ARC = YES;
				CLANG_ENABLE_OBJC_WEAK = YES;
				CLANG_WARN_BLOCK_CAPTURE_AUTORELEASING = YES;
				CLANG_WARN_BOOL_CONVERSION = YES;
				CLANG_WARN_COMMA = YES;
				CLANG_WARN_CONSTANT_CONVERSION = YES;
				CLANG_WARN_DEPRECATED_OBJC_IMPLEMENTATIONS = YES;
				CLANG_WARN_DIRECT_OBJC_ISA_USAGE = YES_ERROR;
				CLANG_WARN_DOCUMENTATION_COMMENTS = YES;
				CLANG_WARN_EMPTY_BODY = YES;
				CLANG_WARN_ENUM_CONVERSION = YES;
				CLANG_WARN_INFINITE_RECURSION = YES;
				CLANG_WARN_INT_CONVERSION = YES;
				CLANG_WARN_NON_LITERAL_NULL_CONVERSION = YES;
				CLANG_WARN_OBJC_IMPLICIT_RETAIN_SELF = YES;
				CLANG_WARN_OBJC_LITERAL_CONVERSION = YES;
				CLANG_WARN_OBJC_ROOT_CLASS = YES_ERROR;
				CLANG_WARN_QUOTED_INCLUDE_IN_FRAMEWORK_HEADER = YES;
				CLANG_WARN_RANGE_LOOP_ANALYSIS = YES;
				CLANG_WARN_STRICT_PROTOTYPES = YES;
				CLANG_WARN_SUSPICIOUS_MOVE = YES;
				CLANG_WARN_UNGUARDED_AVAILABILITY = YES_AGGRESSIVE;
				CLANG_WARN_UNREACHABLE_CODE = YES;
				CLANG_WARN__DUPLICATE_METHOD_MATCH = YES;
				COPY_PHASE_STRIP = NO;
				DEBUG_INFORMATION_FORMAT = dwarf;
				ENABLE_STRICT_OBJC_MSGSEND = YES;
				ENABLE_TESTABILITY = YES;
				GCC_C_LANGUAGE_STANDARD = gnu11;
				GCC_DYNAMIC_NO_PIC = NO;
				GCC_NO_COMMON_BLOCKS = YES;
				GCC_OPTIMIZATION_LEVEL = 0;
				GCC_PREPROCESSOR_DEFINITIONS = (
					"DEBUG=1",
					"$(inherited)",
				);
				GCC_WARN_64_TO_32_BIT_CONVERSION = YES;
				GCC_WARN_ABOUT_RETURN_TYPE = YES_ERROR;
				GCC_WARN_UNDECLARED_SELECTOR = YES;
				GCC_WARN_UNINITIALIZED_AUTOS = YES_AGGRESSIVE;
				GCC_WARN_UNUSED_FUNCTION = YES;
				GCC_WARN_UNUSED_VARIABLE = YES;
				IPHONEOS_DEPLOYMENT_TARGET = 15.4;
				MTL_ENABLE_DEBUG_INFO = INCLUDE_SOURCE;
				MTL_FAST_MATH = YES;
				ONLY_ACTIVE_ARCH = YES;
				SDKROOT = iphoneos;
				SWIFT_ACTIVE_COMPILATION_CONDITIONS = DEBUG;
				SWIFT_OPTIMIZATION_LEVEL = "-Onone";
			};
			name = Debug;
		};
		28DE189829A2591E00F84E35 /* Release */ = {
			isa = XCBuildConfiguration;
			buildSettings = {
				ALWAYS_SEARCH_USER_PATHS = NO;
				CLANG_ANALYZER_NONNULL = YES;
				CLANG_ANALYZER_NUMBER_OBJECT_CONVERSION = YES_AGGRESSIVE;
				CLANG_CXX_LANGUAGE_STANDARD = "gnu++17";
				CLANG_ENABLE_MODULES = YES;
				CLANG_ENABLE_OBJC_ARC = YES;
				CLANG_ENABLE_OBJC_WEAK = YES;
				CLANG_WARN_BLOCK_CAPTURE_AUTORELEASING = YES;
				CLANG_WARN_BOOL_CONVERSION = YES;
				CLANG_WARN_COMMA = YES;
				CLANG_WARN_CONSTANT_CONVERSION = YES;
				CLANG_WARN_DEPRECATED_OBJC_IMPLEMENTATIONS = YES;
				CLANG_WARN_DIRECT_OBJC_ISA_USAGE = YES_ERROR;
				CLANG_WARN_DOCUMENTATION_COMMENTS = YES;
				CLANG_WARN_EMPTY_BODY = YES;
				CLANG_WARN_ENUM_CONVERSION = YES;
				CLANG_WARN_INFINITE_RECURSION = YES;
				CLANG_WARN_INT_CONVERSION = YES;
				CLANG_WARN_NON_LITERAL_NULL_CONVERSION = YES;
				CLANG_WARN_OBJC_IMPLICIT_RETAIN_SELF = YES;
				CLANG_WARN_OBJC_LITERAL_CONVERSION = YES;
				CLANG_WARN_OBJC_ROOT_CLASS = YES_ERROR;
				CLANG_WARN_QUOTED_INCLUDE_IN_FRAMEWORK_HEADER = YES;
				CLANG_WARN_RANGE_LOOP_ANALYSIS = YES;
				CLANG_WARN_STRICT_PROTOTYPES = YES;
				CLANG_WARN_SUSPICIOUS_MOVE = YES;
				CLANG_WARN_UNGUARDED_AVAILABILITY = YES_AGGRESSIVE;
				CLANG_WARN_UNREACHABLE_CODE = YES;
				CLANG_WARN__DUPLICATE_METHOD_MATCH = YES;
				COPY_PHASE_STRIP = NO;
				DEBUG_INFORMATION_FORMAT = "dwarf-with-dsym";
				ENABLE_NS_ASSERTIONS = NO;
				ENABLE_STRICT_OBJC_MSGSEND = YES;
				GCC_C_LANGUAGE_STANDARD = gnu11;
				GCC_NO_COMMON_BLOCKS = YES;
				GCC_WARN_64_TO_32_BIT_CONVERSION = YES;
				GCC_WARN_ABOUT_RETURN_TYPE = YES_ERROR;
				GCC_WARN_UNDECLARED_SELECTOR = YES;
				GCC_WARN_UNINITIALIZED_AUTOS = YES_AGGRESSIVE;
				GCC_WARN_UNUSED_FUNCTION = YES;
				GCC_WARN_UNUSED_VARIABLE = YES;
				IPHONEOS_DEPLOYMENT_TARGET = 15.4;
				MTL_ENABLE_DEBUG_INFO = NO;
				MTL_FAST_MATH = YES;
				SDKROOT = iphoneos;
				SWIFT_COMPILATION_MODE = wholemodule;
				SWIFT_OPTIMIZATION_LEVEL = "-O";
				VALIDATE_PRODUCT = YES;
			};
			name = Release;
		};
		28DE189A29A2591E00F84E35 /* Debug */ = {
			isa = XCBuildConfiguration;
			buildSettings = {
				ASSETCATALOG_COMPILER_APPICON_NAME = AppIcon;
				ASSETCATALOG_COMPILER_GLOBAL_ACCENT_COLOR_NAME = AccentColor;
				CODE_SIGN_STYLE = Automatic;
				CURRENT_PROJECT_VERSION = 1;
				DEVELOPMENT_TEAM = YB5DZ454W9;
				GENERATE_INFOPLIST_FILE = YES;
				INFOPLIST_FILE = WeatherForecastBySvist/Info.plist;
				INFOPLIST_KEY_UIApplicationSupportsIndirectInputEvents = YES;
				INFOPLIST_KEY_UILaunchStoryboardName = LaunchScreen;
				INFOPLIST_KEY_UIMainStoryboardFile = Main;
				INFOPLIST_KEY_UISupportedInterfaceOrientations_iPad = "UIInterfaceOrientationPortrait UIInterfaceOrientationPortraitUpsideDown UIInterfaceOrientationLandscapeLeft UIInterfaceOrientationLandscapeRight";
				INFOPLIST_KEY_UISupportedInterfaceOrientations_iPhone = "UIInterfaceOrientationPortrait UIInterfaceOrientationLandscapeLeft UIInterfaceOrientationLandscapeRight";
				LD_RUNPATH_SEARCH_PATHS = (
					"$(inherited)",
					"@executable_path/Frameworks",
				);
				MARKETING_VERSION = 1.0;
				PRODUCT_BUNDLE_IDENTIFIER = svistarski;
				PRODUCT_NAME = "$(TARGET_NAME)";
				SWIFT_EMIT_LOC_STRINGS = YES;
				SWIFT_VERSION = 5.0;
				TARGETED_DEVICE_FAMILY = "1,2";
			};
			name = Debug;
		};
		28DE189B29A2591E00F84E35 /* Release */ = {
			isa = XCBuildConfiguration;
			buildSettings = {
				ASSETCATALOG_COMPILER_APPICON_NAME = AppIcon;
				ASSETCATALOG_COMPILER_GLOBAL_ACCENT_COLOR_NAME = AccentColor;
				CODE_SIGN_STYLE = Automatic;
				CURRENT_PROJECT_VERSION = 1;
				DEVELOPMENT_TEAM = YB5DZ454W9;
				GENERATE_INFOPLIST_FILE = YES;
				INFOPLIST_FILE = WeatherForecastBySvist/Info.plist;
				INFOPLIST_KEY_UIApplicationSupportsIndirectInputEvents = YES;
				INFOPLIST_KEY_UILaunchStoryboardName = LaunchScreen;
				INFOPLIST_KEY_UIMainStoryboardFile = Main;
				INFOPLIST_KEY_UISupportedInterfaceOrientations_iPad = "UIInterfaceOrientationPortrait UIInterfaceOrientationPortraitUpsideDown UIInterfaceOrientationLandscapeLeft UIInterfaceOrientationLandscapeRight";
				INFOPLIST_KEY_UISupportedInterfaceOrientations_iPhone = "UIInterfaceOrientationPortrait UIInterfaceOrientationLandscapeLeft UIInterfaceOrientationLandscapeRight";
				LD_RUNPATH_SEARCH_PATHS = (
					"$(inherited)",
					"@executable_path/Frameworks",
				);
				MARKETING_VERSION = 1.0;
				PRODUCT_BUNDLE_IDENTIFIER = svistarski;
				PRODUCT_NAME = "$(TARGET_NAME)";
				SWIFT_EMIT_LOC_STRINGS = YES;
				SWIFT_VERSION = 5.0;
				TARGETED_DEVICE_FAMILY = "1,2";
			};
			name = Release;
		};
/* End XCBuildConfiguration section */

/* Begin XCConfigurationList section */
		28DE188029A2591700F84E35 /* Build configuration list for PBXProject "WeatherForecastBySvist" */ = {
			isa = XCConfigurationList;
			buildConfigurations = (
				28DE189729A2591E00F84E35 /* Debug */,
				28DE189829A2591E00F84E35 /* Release */,
			);
			defaultConfigurationIsVisible = 0;
			defaultConfigurationName = Release;
		};
		28DE189929A2591E00F84E35 /* Build configuration list for PBXNativeTarget "WeatherForecastBySvist" */ = {
			isa = XCConfigurationList;
			buildConfigurations = (
				28DE189A29A2591E00F84E35 /* Debug */,
				28DE189B29A2591E00F84E35 /* Release */,
			);
			defaultConfigurationIsVisible = 0;
			defaultConfigurationName = Release;
		};
/* End XCConfigurationList section */
	};
	rootObject = 28DE187D29A2591700F84E35 /* Project object */;
}
